
Microsoft Visual Studio Solution File, Format Version 12.00
# Visual Studio Version 16
VisualStudioVersion = 16.0.29306.81
MinimumVisualStudioVersion = 10.0.40219.1
Project("{FAE04EC0-301F-11D3-BF4B-00C04F79EFBC}") = "UpdatePlayersTask", "UpdatePlayersTask\UpdatePlayersTask.csproj", "{3EA6B434-4C95-4D33-BE42-BB68B39A76E9}"
EndProject
Project("{FAE04EC0-301F-11D3-BF4B-00C04F79EFBC}") = "PandascoreUtils", "PandascoreUtils\PandascoreUtils.csproj", "{37304521-3556-4442-B51C-4C498FE81301}"
EndProject
Project("{FAE04EC0-301F-11D3-BF4B-00C04F79EFBC}") = "PandascoreDAL", "PandascoreDAL\PandascoreDAL.csproj", "{8C20C558-0C8E-4C34-8DAC-8B85CB699CE8}"
EndProject
Project("{00D1A9C2-B5F0-4AF3-8072-F6C62B433612}") = "OverwatchEsports", "OverwatchEsports\OverwatchEsports.sqlproj", "{AE42AB08-B2D8-4633-ACD0-7895432241AD}"
EndProject
Project("{FAE04EC0-301F-11D3-BF4B-00C04F79EFBC}") = "DALBase", "DALBase\DALBase.csproj", "{988A8908-969F-4F98-B964-4B85AF0F1315}"
EndProject
Project("{FAE04EC0-301F-11D3-BF4B-00C04F79EFBC}") = "DAL_Esports_Global", "DAL_Esports_Global\DAL_Esports_Global.csproj", "{8734F188-CCC3-47A5-A68A-8984EB2DAE00}"
EndProject
Project("{FAE04EC0-301F-11D3-BF4B-00C04F79EFBC}") = "UpdateMatchesTask", "UpdateMatchesTask\UpdateMatchesTask.csproj", "{4E672F04-1F53-4E83-9E88-DD2C5E29AF8A}"
EndProject
Global
	GlobalSection(SolutionConfigurationPlatforms) = preSolution
		Debug|Any CPU = Debug|Any CPU
		Release|Any CPU = Release|Any CPU
	EndGlobalSection
	GlobalSection(ProjectConfigurationPlatforms) = postSolution
		{3EA6B434-4C95-4D33-BE42-BB68B39A76E9}.Debug|Any CPU.ActiveCfg = Debug|Any CPU
		{3EA6B434-4C95-4D33-BE42-BB68B39A76E9}.Debug|Any CPU.Build.0 = Debug|Any CPU
		{3EA6B434-4C95-4D33-BE42-BB68B39A76E9}.Release|Any CPU.ActiveCfg = Release|Any CPU
		{3EA6B434-4C95-4D33-BE42-BB68B39A76E9}.Release|Any CPU.Build.0 = Release|Any CPU
		{37304521-3556-4442-B51C-4C498FE81301}.Debug|Any CPU.ActiveCfg = Debug|Any CPU
		{37304521-3556-4442-B51C-4C498FE81301}.Debug|Any CPU.Build.0 = Debug|Any CPU
		{37304521-3556-4442-B51C-4C498FE81301}.Release|Any CPU.ActiveCfg = Release|Any CPU
		{37304521-3556-4442-B51C-4C498FE81301}.Release|Any CPU.Build.0 = Release|Any CPU
		{8C20C558-0C8E-4C34-8DAC-8B85CB699CE8}.Debug|Any CPU.ActiveCfg = Debug|Any CPU
		{8C20C558-0C8E-4C34-8DAC-8B85CB699CE8}.Debug|Any CPU.Build.0 = Debug|Any CPU
		{8C20C558-0C8E-4C34-8DAC-8B85CB699CE8}.Release|Any CPU.ActiveCfg = Release|Any CPU
		{8C20C558-0C8E-4C34-8DAC-8B85CB699CE8}.Release|Any CPU.Build.0 = Release|Any CPU
		{AE42AB08-B2D8-4633-ACD0-7895432241AD}.Debug|Any CPU.ActiveCfg = Debug|Any CPU
		{AE42AB08-B2D8-4633-ACD0-7895432241AD}.Debug|Any CPU.Build.0 = Debug|Any CPU
		{AE42AB08-B2D8-4633-ACD0-7895432241AD}.Debug|Any CPU.Deploy.0 = Debug|Any CPU
		{AE42AB08-B2D8-4633-ACD0-7895432241AD}.Release|Any CPU.ActiveCfg = Release|Any CPU
		{AE42AB08-B2D8-4633-ACD0-7895432241AD}.Release|Any CPU.Build.0 = Release|Any CPU
		{AE42AB08-B2D8-4633-ACD0-7895432241AD}.Release|Any CPU.Deploy.0 = Release|Any CPU
		{988A8908-969F-4F98-B964-4B85AF0F1315}.Debug|Any CPU.ActiveCfg = Debug|Any CPU
		{988A8908-969F-4F98-B964-4B85AF0F1315}.Debug|Any CPU.Build.0 = Debug|Any CPU
		{988A8908-969F-4F98-B964-4B85AF0F1315}.Release|Any CPU.ActiveCfg = Release|Any CPU
		{988A8908-969F-4F98-B964-4B85AF0F1315}.Release|Any CPU.Build.0 = Release|Any CPU
		{8734F188-CCC3-47A5-A68A-8984EB2DAE00}.Debug|Any CPU.ActiveCfg = Debug|Any CPU
		{8734F188-CCC3-47A5-A68A-8984EB2DAE00}.Debug|Any CPU.Build.0 = Debug|Any CPU
		{8734F188-CCC3-47A5-A68A-8984EB2DAE00}.Release|Any CPU.ActiveCfg = Release|Any CPU
		{8734F188-CCC3-47A5-A68A-8984EB2DAE00}.Release|Any CPU.Build.0 = Release|Any CPU
		{4E672F04-1F53-4E83-9E88-DD2C5E29AF8A}.Debug|Any CPU.ActiveCfg = Debug|Any CPU
		{4E672F04-1F53-4E83-9E88-DD2C5E29AF8A}.Debug|Any CPU.Build.0 = Debug|Any CPU
		{4E672F04-1F53-4E83-9E88-DD2C5E29AF8A}.Release|Any CPU.ActiveCfg = Release|Any CPU
		{4E672F04-1F53-4E83-9E88-DD2C5E29AF8A}.Release|Any CPU.Build.0 = Release|Any CPU
	EndGlobalSection
	GlobalSection(SolutionProperties) = preSolution
		HideSolutionNode = FALSE
	EndGlobalSection
	GlobalSection(ExtensibilityGlobals) = postSolution
		SolutionGuid = {E93DAA87-123D-4A2E-BFAD-66B0D954E902}
	EndGlobalSection
EndGlobal
